{
  "lockfile_version": "1",
  "packages": {
    "gdrive@latest": {
      "last_modified": "2024-09-10T15:01:03Z",
      "resolved": "github:NixOS/nixpkgs/5ed627539ac84809c78b2dd6d26a5cebeb5ae269#gdrive",
      "source": "devbox-search",
      "version": "2.1.1"
    },
    "jiq@latest": {
      "last_modified": "2024-09-10T15:01:03Z",
      "resolved": "github:NixOS/nixpkgs/5ed627539ac84809c78b2dd6d26a5cebeb5ae269#jiq",
      "source": "devbox-search",
      "version": "0.7.2"
    },
    "jless@latest": {
      "last_modified": "2024-09-10T15:01:03Z",
      "resolved": "github:NixOS/nixpkgs/5ed627539ac84809c78b2dd6d26a5cebeb5ae269#jless",
      "source": "devbox-search",
      "version": "0.9.0"
    },
    "jq@latest": {
      "last_modified": "2024-09-20T22:35:44Z",
      "resolved": "github:NixOS/nixpkgs/a1d92660c6b3b7c26fb883500a80ea9d33321be2#jq",
      "source": "devbox-search",
      "version": "1.7.1"
    },
    "pre-commit@latest": {
      "last_modified": "2024-09-18T09:48:47Z",
      "resolved": "github:NixOS/nixpkgs/294eb5975def0caa718fca92dc5a9d656ae392a9#pre-commit",
      "source": "devbox-search",
      "version": "3.7.1"
    },
    "python@3.10.14": {
      "last_modified": "2024-09-10T15:01:03Z",
      "plugin_version": "0.0.1",
      "resolved": "github:NixOS/nixpkgs/5ed627539ac84809c78b2dd6d26a5cebeb5ae269#python310",
      "source": "devbox-search",
      "version": "3.10.14"
    },
    "stdenv.cc.cc.lib": {
      "resolved": "github:NixOS/nixpkgs/75a52265bda7fd25e06e3a67dee3f0354e73243c#stdenv.cc.cc.lib",
      "source": "nixpkg"
    },
    "uv@0.4.11": {
      "last_modified": "2024-09-19T11:39:46Z",
      "resolved": "github:NixOS/nixpkgs/268bb5090a3c6ac5e1615b38542a868b52ef8088#uv",
      "source": "devbox-search",
      "version": "0.4.11"
    }
  }
}
