{
  "lockfile_version": "1",
  "packages": {
    "pre-commit@latest": {
      "last_modified": "2024-09-18T09:48:47Z",
      "resolved": "github:NixOS/nixpkgs/294eb5975def0caa718fca92dc5a9d656ae392a9#pre-commit",
      "source": "devbox-search",
      "version": "3.7.1"
    },
    "python@3.10.14": {
      "last_modified": "2024-09-10T15:01:03Z",
      "plugin_version": "0.0.1",
      "resolved": "github:NixOS/nixpkgs/5ed627539ac84809c78b2dd6d26a5cebeb5ae269#python310",
      "source": "devbox-search",
      "version": "3.10.14"
    },
    "stdenv.cc.cc.lib": {
      "resolved": "github:NixOS/nixpkgs/f80ac848e3d6f0c12c52758c0f25c10c97ca3b62#stdenv.cc.cc.lib",
      "source": "nixpkg"
    },
    "uv@0.4.11": {
      "last_modified": "2024-09-19T11:39:46Z",
      "resolved": "github:NixOS/nixpkgs/268bb5090a3c6ac5e1615b38542a868b52ef8088#uv",
      "source": "devbox-search",
      "version": "0.4.11"
    }
  }
}
