# THIS IS AN AUTOGENERATED FILE. DO NOT EDIT THIS FILE DIRECTLY.
# yarn lockfile v1


"@expo-google-fonts/cormorant-garamond@^0.2.3":
  version "0.2.3"
  resolved "https://registry.yarnpkg.com/@expo-google-fonts/cormorant-garamond/-/cormorant-garamond-0.2.3.tgz#a331180f40d1bbb72957a40c0dba880323627318"
  integrity sha512-VYflr5/DLX8JEA47x0KUGuH5wNstQ6AO1EJhTRacVQ7UxYKwylEMefUYNvimSVPc/d3RkPZT9Uw7TCjRUP28JA==

"@fortawesome/fontawesome-common-types@6.6.0":
  version "6.6.0"
  resolved "https://registry.yarnpkg.com/@fortawesome/fontawesome-common-types/-/fontawesome-common-types-6.6.0.tgz#31ab07ca6a06358c5de4d295d4711b675006163f"
  integrity sha512-xyX0X9mc0kyz9plIyryrRbl7ngsA9jz77mCZJsUkLl+ZKs0KWObgaEBoSgQiYWAsSmjz/yjl0F++Got0Mdp4Rw==

"@fortawesome/free-solid-svg-icons@^6.6.0":
  version "6.6.0"
  resolved "https://registry.yarnpkg.com/@fortawesome/free-solid-svg-icons/-/free-solid-svg-icons-6.6.0.tgz#061751ca43be4c4d814f0adbda8f006164ec9f3b"
  integrity sha512-IYv/2skhEDFc2WGUcqvFJkeK39Q+HyPf5GHUrT/l2pKbtgEIv1al1TKd6qStR5OIwQdN1GZP54ci3y4mroJWjA==
  dependencies:
    "@fortawesome/fontawesome-common-types" "6.6.0"

"@react-native-community/slider@^4.5.3":
  version "4.5.3"
  resolved "https://registry.yarnpkg.com/@react-native-community/slider/-/slider-4.5.3.tgz#84821ae17e746d90f73553bb58386e9db4db124c"
  integrity sha512-0mOdnIL3xPWYGkP7levDH3bBsjdMOiR5mQIzFrSkZznZdIfX9MvGnelNZxsWuibmkc3hczHybo7RRb6mE96H2g==

"@react-native/normalize-colors@^0.73.0":
  version "0.73.2"
  resolved "https://registry.yarnpkg.com/@react-native/normalize-colors/-/normalize-colors-0.73.2.tgz#cc8e48fbae2bbfff53e12f209369e8d2e4cf34ec"
  integrity sha512-bRBcb2T+I88aG74LMVHaKms2p/T8aQd8+BZ7LuuzXlRfog1bMWWn/C5i0HVuvW4RPtXQYgIlGiXVDy9Ir1So/w==

asap@~2.0.3:
  version "2.0.6"
  resolved "https://registry.yarnpkg.com/asap/-/asap-2.0.6.tgz#e50347611d7e690943208bbdafebcbc2fb866d46"
  integrity sha512-BSHWgDSAiKs50o2Re8ppvp3seVHXSRM44cdSsT9FfNEUUZLOGWVCsiWaRPWM1Znn+mqZ1OfVZ3z3DWEzSp7hRA==

asynckit@^0.4.0:
  version "0.4.0"
  resolved "https://registry.yarnpkg.com/asynckit/-/asynckit-0.4.0.tgz#c79ed97f7f34cb8f2ba1bc9790bcc366474b4b79"
  integrity sha512-Oei9OH4tRh0YqU3GxhX79dM/mwVgvbZJaSNaRk+bshkj0S5cfHcgYakreBjrHwatXKbz+IoIdYLxrKim2MjW0Q==

axios@^1.7.7:
  version "1.7.7"
  resolved "https://registry.yarnpkg.com/axios/-/axios-1.7.7.tgz#2f554296f9892a72ac8d8e4c5b79c14a91d0a47f"
  integrity sha512-S4kL7XrjgBmvdGut0sN3yJxqYzrDOnivkBiN0OFs6hLiUam3UPvswUo0kqGyhqUZGEOytHyumEdXsAkgCOUf3Q==
  dependencies:
    follow-redirects "^1.15.6"
    form-data "^4.0.0"
    proxy-from-env "^1.1.0"

combined-stream@^1.0.8:
  version "1.0.8"
  resolved "https://registry.yarnpkg.com/combined-stream/-/combined-stream-1.0.8.tgz#c3d45a8b34fd730631a110a8a2520682b31d5a7f"
  integrity sha512-FQN4MRfuJeHf7cBbBMJFXhKSDq+2kAArBlmRBvcvFE5BB1HZKXtSFASDhdlz9zOYwxh8lDdnvmMOe/+5cdoEdg==
  dependencies:
    delayed-stream "~1.0.0"

core-js@^1.0.0:
  version "1.2.7"
  resolved "https://registry.yarnpkg.com/core-js/-/core-js-1.2.7.tgz#652294c14651db28fa93bd2d5ff2983a4f08c636"
  integrity sha512-ZiPp9pZlgxpWRu0M+YWbm6+aQ84XEfH1JRXvfOc/fILWI0VKhLC2LX13X1NYq4fULzLMq7Hfh43CSo2/aIaUPA==

delayed-stream@~1.0.0:
  version "1.0.0"
  resolved "https://registry.yarnpkg.com/delayed-stream/-/delayed-stream-1.0.0.tgz#df3ae199acadfb7d440aaae0b29e2272b24ec619"
  integrity sha512-ZySD7Nf91aLB0RxL4KGrKHBXl7Eds1DAmEdcoVawXnLD7SDhpNgtuII2aAkg7a7QS41jxPSZ17p4VdGnMHk3MQ==

deprecated-react-native-prop-types@^5.0.0:
  version "5.0.0"
  resolved "https://registry.yarnpkg.com/deprecated-react-native-prop-types/-/deprecated-react-native-prop-types-5.0.0.tgz#02a12f090da7bd9e8c3ac53c31cf786a1315d302"
  integrity sha512-cIK8KYiiGVOFsKdPMmm1L3tA/Gl+JopXL6F5+C7x39MyPsQYnP57Im/D6bNUzcborD7fcMwiwZqcBdBXXZucYQ==
  dependencies:
    "@react-native/normalize-colors" "^0.73.0"
    invariant "^2.2.4"
    prop-types "^15.8.1"

encoding@^0.1.11:
  version "0.1.13"
  resolved "https://registry.yarnpkg.com/encoding/-/encoding-0.1.13.tgz#56574afdd791f54a8e9b2785c0582a2d26210fa9"
  integrity sha512-ETBauow1T35Y/WZMkio9jiM0Z5xjHHmJ4XmjZOq1l/dXz3lr2sRn87nJy20RupqSh1F2m3HHPSp8ShIPQJrJ3A==
  dependencies:
    iconv-lite "^0.6.2"

expo-font@^12.0.10:
  version "12.0.10"
  resolved "https://registry.yarnpkg.com/expo-font/-/expo-font-12.0.10.tgz#62deaf1f46159d7839f01305f44079268781b1db"
  integrity sha512-Q1i2NuYri3jy32zdnBaHHCya1wH1yMAsI+3CCmj9zlQzlhsS9Bdwcj2W3c5eU5FvH2hsNQy4O+O1NnM6o/pDaQ==
  dependencies:
    fontfaceobserver "^2.1.0"

expo-secure-store@^13.0.2:
  version "13.0.2"
  resolved "https://registry.yarnpkg.com/expo-secure-store/-/expo-secure-store-13.0.2.tgz#ba8f6076fc38062a28bb2ce5edab9cd28ef88598"
  integrity sha512-3QYgoneo8p8yeeBPBiAfokNNc2xq6+n8+Ob4fAlErEcf4H7Y72LH+K/dx0nQyWau2ZKZUXBxyyfuHFyVKrEVLg==

fbjs@^0.8.4:
  version "0.8.18"
  resolved "https://registry.yarnpkg.com/fbjs/-/fbjs-0.8.18.tgz#9835e0addb9aca2eff53295cd79ca1cfc7c9662a"
  integrity sha512-EQaWFK+fEPSoibjNy8IxUtaFOMXcWsY0JaVrQoZR9zC8N2Ygf9iDITPWjUTVIax95b6I742JFLqASHfsag/vKA==
  dependencies:
    core-js "^1.0.0"
    isomorphic-fetch "^2.1.1"
    loose-envify "^1.0.0"
    object-assign "^4.1.0"
    promise "^7.1.1"
    setimmediate "^1.0.5"
    ua-parser-js "^0.7.30"

follow-redirects@^1.15.6:
  version "1.15.9"
  resolved "https://registry.yarnpkg.com/follow-redirects/-/follow-redirects-1.15.9.tgz#a604fa10e443bf98ca94228d9eebcc2e8a2c8ee1"
  integrity sha512-gew4GsXizNgdoRyqmyfMHyAmXsZDk6mHkSxZFCzW9gwlbtOW44CDtYavM+y+72qD/Vq2l550kMF52DT8fOLJqQ==

fontfaceobserver@^2.1.0:
  version "2.3.0"
  resolved "https://registry.yarnpkg.com/fontfaceobserver/-/fontfaceobserver-2.3.0.tgz#5fb392116e75d5024b7ec8e4f2ce92106d1488c8"
  integrity sha512-6FPvD/IVyT4ZlNe7Wcn5Fb/4ChigpucKYSvD6a+0iMoLn2inpo711eyIcKjmDtE5XNcgAkSH9uN/nfAeZzHEfg==

form-data@^4.0.0:
  version "4.0.0"
  resolved "https://registry.yarnpkg.com/form-data/-/form-data-4.0.0.tgz#93919daeaf361ee529584b9b31664dc12c9fa452"
  integrity sha512-ETEklSGi5t0QMZuiXoA/Q6vcnxcLQP5vdugSpuAyi6SVGi2clPPp+xgEhuMaHC+zGgn31Kd235W35f7Hykkaww==
  dependencies:
    asynckit "^0.4.0"
    combined-stream "^1.0.8"
    mime-types "^2.1.12"

iconv-lite@^0.6.2:
  version "0.6.3"
  resolved "https://registry.yarnpkg.com/iconv-lite/-/iconv-lite-0.6.3.tgz#a52f80bf38da1952eb5c681790719871a1a72501"
  integrity sha512-4fCk79wshMdzMp2rH06qWrJE4iolqLhCUH+OiuIgU++RB0+94NlDL81atO7GX55uUKueo0txHNtvEyI6D7WdMw==
  dependencies:
    safer-buffer ">= 2.1.2 < 3.0.0"

invariant@^2.2.4:
  version "2.2.4"
  resolved "https://registry.yarnpkg.com/invariant/-/invariant-2.2.4.tgz#610f3c92c9359ce1db616e538008d23ff35158e6"
  integrity sha512-phJfQVBuaJM5raOpJjSfkiD6BpbCE4Ns//LaXl6wGYtUBY83nWS6Rf9tXm2e8VaK60JEjYldbPif/A2B1C2gNA==
  dependencies:
    loose-envify "^1.0.0"

is-stream@^1.0.1:
  version "1.1.0"
  resolved "https://registry.yarnpkg.com/is-stream/-/is-stream-1.1.0.tgz#12d4a3dd4e68e0b79ceb8dbc84173ae80d91ca44"
  integrity sha512-uQPm8kcs47jx38atAcWTVxyltQYoPT68y9aWYdV6yWXSyW8mzSat0TL6CiWdZeCdF3KrAvpVtnHbTv4RN+rqdQ==

isomorphic-fetch@^2.1.1:
  version "2.2.1"
  resolved "https://registry.yarnpkg.com/isomorphic-fetch/-/isomorphic-fetch-2.2.1.tgz#611ae1acf14f5e81f729507472819fe9733558a9"
  integrity sha512-9c4TNAKYXM5PRyVcwUZrF3W09nQ+sO7+jydgs4ZGW9dhsLG2VOlISJABombdQqQRXCwuYG3sYV/puGf5rp0qmA==
  dependencies:
    node-fetch "^1.0.1"
    whatwg-fetch ">=0.10.0"

"js-tokens@^3.0.0 || ^4.0.0":
  version "4.0.0"
  resolved "https://registry.yarnpkg.com/js-tokens/-/js-tokens-4.0.0.tgz#19203fb59991df98e3a287050d4647cdeaf32499"
  integrity sha512-RdJUflcE3cUzKiMqQgsCu06FPu9UdIJO0beYbPhHN4k6apgJtifcoCtT9bcxOpYBtpD2kCM6Sbzg4CausW/PKQ==

loose-envify@^1.0.0, loose-envify@^1.4.0:
  version "1.4.0"
  resolved "https://registry.yarnpkg.com/loose-envify/-/loose-envify-1.4.0.tgz#71ee51fa7be4caec1a63839f7e682d8132d30caf"
  integrity sha512-lyuxPGr/Wfhrlem2CL/UcnUc1zcqKAImBDzukY7Y5F/yQiNdko6+fRLevlw1HgMySw7f611UIY408EtxRSoK3Q==
  dependencies:
    js-tokens "^3.0.0 || ^4.0.0"

mime-db@1.52.0:
  version "1.52.0"
  resolved "https://registry.yarnpkg.com/mime-db/-/mime-db-1.52.0.tgz#bbabcdc02859f4987301c856e3387ce5ec43bf70"
  integrity sha512-sPU4uV7dYlvtWJxwwxHD0PuihVNiE7TyAbQ5SWxDCB9mUYvOgroQOwYQQOKPJ8CIbE+1ETVlOoK1UC2nU3gYvg==

mime-types@^2.1.12:
  version "2.1.35"
  resolved "https://registry.yarnpkg.com/mime-types/-/mime-types-2.1.35.tgz#381a871b62a734450660ae3deee44813f70d959a"
  integrity sha512-ZDY+bPm5zTTF+YpCrAU9nK0UgICYPT0QtT1NZWFv4s++TNkcgVaT0g6+4R2uI4MjQjzysHB1zxuWL50hzaeXiw==
  dependencies:
    mime-db "1.52.0"

node-fetch@^1.0.1:
  version "1.7.3"
  resolved "https://registry.yarnpkg.com/node-fetch/-/node-fetch-1.7.3.tgz#980f6f72d85211a5347c6b2bc18c5b84c3eb47ef"
  integrity sha512-NhZ4CsKx7cYm2vSrBAr2PvFOe6sWDf0UYLRqA6svUYg7+/TSfVAu49jYC4BvQ4Sms9SZgdqGBgroqfDhJdTyKQ==
  dependencies:
    encoding "^0.1.11"
    is-stream "^1.0.1"

object-assign@^4.1.0, object-assign@^4.1.1:
  version "4.1.1"
  resolved "https://registry.yarnpkg.com/object-assign/-/object-assign-4.1.1.tgz#2109adc7965887cfc05cbbd442cac8bfbb360863"
  integrity sha512-rJgTQnkUnH1sFw8yT6VSU3zD3sWmu6sZhIseY8VX+GRu3P6F7Fu+JNDoXfklElbLJSnc3FUQHVe4cU5hj+BcUg==

promise@^7.1.1:
  version "7.3.1"
  resolved "https://registry.yarnpkg.com/promise/-/promise-7.3.1.tgz#064b72602b18f90f29192b8b1bc418ffd1ebd3bf"
  integrity sha512-nolQXZ/4L+bP/UGlkfaIujX9BKxGwmQ9OT4mOt5yvy8iK1h3wqTEJCijzGANTCCl9nWjY41juyAn2K3Q1hLLTg==
  dependencies:
    asap "~2.0.3"

prop-types@^15.6.1, prop-types@^15.7.2, prop-types@^15.8.1:
  version "15.8.1"
  resolved "https://registry.yarnpkg.com/prop-types/-/prop-types-15.8.1.tgz#67d87bf1a694f48435cf332c24af10214a3140b5"
  integrity sha512-oj87CgZICdulUohogVAR7AjlC0327U4el4L6eAvOqCeudMDVU0NThNaV+b9Df4dXgSP1gXMTnPdhfe/2qDH5cg==
  dependencies:
    loose-envify "^1.4.0"
    object-assign "^4.1.1"
    react-is "^16.13.1"

proxy-from-env@^1.1.0:
  version "1.1.0"
  resolved "https://registry.yarnpkg.com/proxy-from-env/-/proxy-from-env-1.1.0.tgz#e102f16ca355424865755d2c9e8ea4f24d58c3e2"
  integrity sha512-D+zkORCbA9f1tdWRK0RaCR3GPv50cMxcrz4X8k5LTSUD1Dkw47mKJEZQNunItRTkWwgtaUSo1RVFRIG9ZXiFYg==

react-addons-shallow-compare@15.6.2:
  version "15.6.2"
  resolved "https://registry.yarnpkg.com/react-addons-shallow-compare/-/react-addons-shallow-compare-15.6.2.tgz#198a00b91fc37623db64a28fd17b596ba362702f"
  integrity sha512-yAV9tOObmKPiohqne1jiMcx6kDjfz7GeL8K9KHgI+HvDsbrRv148uyUzrPc6GwepZnQcJ59Q3lp1ghrkyPwtjg==
  dependencies:
    fbjs "^0.8.4"
    object-assign "^4.1.0"

react-is@^16.13.1:
  version "16.13.1"
  resolved "https://registry.yarnpkg.com/react-is/-/react-is-16.13.1.tgz#789729a4dc36de2999dc156dd6c1d9c18cea56a4"
  integrity sha512-24e6ynE2H+OKt4kqsOvNd8kBpV65zoxbA4BVsEOB3ARVWQki/DHzaUoC5KuON/BiccDaCCTZBuOcfZs70kR8bQ==

react-native-multiple-select@^0.5.12:
  version "0.5.12"
  resolved "https://registry.yarnpkg.com/react-native-multiple-select/-/react-native-multiple-select-0.5.12.tgz#be9204f49bc1bb734c40422a89acc173959bcd70"
  integrity sha512-lFw0u798/2qHr4TwDdxMtReRtsNOCC2SWPzWHRGKE4XcBiUll0hHhke7iqQg4xJdfo46C/h69f1ZXphDOjZY3A==
  dependencies:
    prop-types "^15.7.2"

react-native-snap-carousel@^3.9.1:
  version "3.9.1"
  resolved "https://registry.yarnpkg.com/react-native-snap-carousel/-/react-native-snap-carousel-3.9.1.tgz#6fd9bd8839546c2c6043a41d2035afbc6fe0443e"
  integrity sha512-xWEGusacIgK1YaDXLi7Gao2+ISLoGPVEBR8fcMf4tOOJQufutlNwkoLu0l6B8Qgsrre0nTxoVZikRgGRDWlLaQ==
  dependencies:
    prop-types "^15.6.1"
    react-addons-shallow-compare "15.6.2"

"safer-buffer@>= 2.1.2 < 3.0.0":
  version "2.1.2"
  resolved "https://registry.yarnpkg.com/safer-buffer/-/safer-buffer-2.1.2.tgz#44fa161b0187b9549dd84bb91802f9bd8385cd6a"
  integrity sha512-YZo3K82SD7Riyi0E1EQPojLz7kpepnSQI9IyPbHHg1XXXevb5dJI7tpyN2ADxGcQbHG7vcyRHk0cbwqcQriUtg==

setimmediate@^1.0.5:
  version "1.0.5"
  resolved "https://registry.yarnpkg.com/setimmediate/-/setimmediate-1.0.5.tgz#290cbb232e306942d7d7ea9b83732ab7856f8285"
  integrity sha512-MATJdZp8sLqDl/68LfQmbP8zKPLQNV6BIZoIgrscFDQ+RsvK/BxeDQOgyxKKoh0y/8h3BqVFnCqQ/gd+reiIXA==

ua-parser-js@^0.7.30:
  version "0.7.39"
  resolved "https://registry.yarnpkg.com/ua-parser-js/-/ua-parser-js-0.7.39.tgz#c71efb46ebeabc461c4612d22d54f88880fabe7e"
  integrity sha512-IZ6acm6RhQHNibSt7+c09hhvsKy9WUr4DVbeq9U8o71qxyYtJpQeDxQnMrVqnIFMLcQjHO0I9wgfO2vIahht4w==

whatwg-fetch@>=0.10.0:
  version "3.6.20"
  resolved "https://registry.yarnpkg.com/whatwg-fetch/-/whatwg-fetch-3.6.20.tgz#580ce6d791facec91d37c72890995a0b48d31c70"
  integrity sha512-EqhiFU6daOA8kpjOWTL0olhVOF3i7OrFzSYiGsEMB8GcXS+RrzauAERX65xMeNWVqxA6HXH2m69Z9LaKKdisfg==
