{
  "lockfile_version": "1",
  "packages": {
    "android-tools@latest": {
      "last_modified": "2024-09-10T15:01:03Z",
      "resolved": "github:NixOS/nixpkgs/5ed627539ac84809c78b2dd6d26a5cebeb5ae269#android-tools",
      "source": "devbox-search",
      "version": "35.0.1",
      "systems": {
        "aarch64-darwin": {
          "store_path": "/nix/store/mzwkh89s6pkhicaa22nwsi9cnfd1ymll-android-tools-35.0.1"
        },
        "aarch64-linux": {
          "store_path": "/nix/store/km6020idzi9ss01906mvh4dn0yxb11wn-android-tools-35.0.1"
        },
        "x86_64-darwin": {
          "store_path": "/nix/store/3zb0x3fzhxqldxzp2klvsiyjk2yfxk3f-android-tools-35.0.1"
        },
        "x86_64-linux": {
          "store_path": "/nix/store/72js122zwf1c7pysb0rgh97jryqcj1nz-android-tools-35.0.1"
        }
      }
    },
    "nodejs@21": {
      "last_modified": "2024-04-19T21:36:04Z",
      "plugin_version": "0.0.2",
      "resolved": "github:NixOS/nixpkgs/92d295f588631b0db2da509f381b4fb1e74173c5#nodejs_21",
      "source": "devbox-search",
      "version": "21.7.3",
      "systems": {
        "aarch64-darwin": {
          "store_path": "/nix/store/hxr5ziwxn72wxcrhxasdy542h6z0r9hg-nodejs-21.7.3"
        },
        "aarch64-linux": {
          "store_path": "/nix/store/xfddvy0bfzc78yipmyx81irjqfpkm1d0-nodejs-21.7.3"
        },
        "x86_64-darwin": {
          "store_path": "/nix/store/pnrd7gl28dmy86pprrpifq7qny3sx1xp-nodejs-21.7.3"
        },
        "x86_64-linux": {
          "store_path": "/nix/store/dfs59hwhc4mb4hdk77nc5dd39k2v2qs2-nodejs-21.7.3"
        }
      }
    },
    "yarn@latest": {
      "last_modified": "2024-09-10T15:01:03Z",
      "resolved": "github:NixOS/nixpkgs/5ed627539ac84809c78b2dd6d26a5cebeb5ae269#yarn",
      "source": "devbox-search",
      "version": "1.22.22",
      "systems": {
        "aarch64-darwin": {
          "store_path": "/nix/store/6j0fflbrszc5k5kd7m36mn9ga6ds8zmr-yarn-1.22.22"
        },
        "aarch64-linux": {
          "store_path": "/nix/store/d1f5qfjkc24v2ng46x0qjsbiwrdfa6d3-yarn-1.22.22"
        },
        "x86_64-darwin": {
          "store_path": "/nix/store/vfi9zsfiwq5yia28nx04zdmr9ij6nhi3-yarn-1.22.22"
        },
        "x86_64-linux": {
          "store_path": "/nix/store/9yd6frl42syv6vncdy619zblj2vg406g-yarn-1.22.22"
        }
      }
    }
  }
}
